{
  "version": 4,
  "terraform_version": "1.7.5",
  "serial": 5,
  "lineage": "03b9e20f-d0b9-c447-8e05-e267db6fe7f7",
  "outputs": {},
  "resources": [
    {
      "mode": "managed",
      "type": "helm_release",
      "name": "nginx",
      "provider": "provider[\"registry.terraform.io/hashicorp/helm\"]",
      "instances": [
        {
          "schema_version": 0,
          "attributes": {
            "atomic": false,
            "chart": "../my-nginx-chart",
            "cleanup_on_fail": false,
            "create_namespace": false,
            "dependency_update": false,
            "description": null,
            "devel": null,
            "disable_crd_hooks": false,
            "disable_openapi_validation": false,
            "disable_webhooks": false,
            "force_update": false,
            "id": "my-nginx-release",
            "keyring": null,
            "lint": false,
            "manifest": null,
            "max_history": 0,
            "metadata": [
              {
                "app_version": "",
                "chart": "my-nginx-chart",
                "name": "my-nginx-release",
                "namespace": "default",
                "revision": 1,
                "values": "{\"image\":{\"pullPolicy\":\"IfNotPresent\",\"repository\":\"nginx\",\"tag\":\"stable\"},\"replicaCount\":1,\"service\":{\"nodePort\":30007,\"port\":80,\"type\":\"NodePort\"}}",
                "version": "0.1.0"
              }
            ],
            "name": "my-nginx-release",
            "namespace": "default",
            "postrender": [],
            "recreate_pods": false,
            "render_subchart_notes": true,
            "replace": false,
            "repository": null,
            "repository_ca_file": null,
            "repository_cert_file": null,
            "repository_key_file": null,
            "repository_password": null,
            "repository_username": null,
            "reset_values": false,
            "reuse_values": false,
            "set": [],
            "set_sensitive": [],
            "skip_crds": false,
            "status": "deployed",
            "timeout": 300,
            "values": [
              "replicaCount: 1\n\nimage:\n  repository: nginx\n  pullPolicy: IfNotPresent\n  tag: \"stable\"\n\nservice:\n  type: NodePort\n  port: 80\n  nodePort: 30007\n\n"
            ],
            "verify": false,
            "version": "0.1.0",
            "wait": true,
            "wait_for_jobs": false
          },
          "sensitive_attributes": [],
          "private": "bnVsbA=="
        }
      ]
    }
  ],
  "check_results": null
}
